{
  "pins" : [
    {
      "identity" : "swift-syntax",
      "kind" : "remoteSourceControl",
      "location" : "https://github.com/apple/swift-syntax.git",
      "state" : {
        "branch" : "main",
        "revision" : "0663a530c4e51066343c3c2fbd95f8e626b8d631"
      }
    }
  ],
  "version" : 2
}
